
Microsoft Visual Studio Solution File, Format Version 12.00
# Visual Studio Version 16
VisualStudioVersion = 16.0.31702.278
MinimumVisualStudioVersion = 10.0.40219.1
Project("{9A19103F-16F7-4668-BE54-9A1E7A4F7556}") = "Monitoramento.Domain", "src\Monitoramento.Domain\Monitoramento.Domain.csproj", "{9F6DD6DE-554A-48F0-897D-0C8A13076074}"
EndProject
Project("{9A19103F-16F7-4668-BE54-9A1E7A4F7556}") = "Monitoramento.Infra.Data", "src\Monitoramento.Infra.Data\Monitoramento.Infra.Data.csproj", "{6FA69E34-AE20-437C-99D2-338E69073A75}"
EndProject
Project("{9A19103F-16F7-4668-BE54-9A1E7A4F7556}") = "Monitoramento.Infra.IoC", "src\Monitoramento.Infra.IoC\Monitoramento.Infra.IoC.csproj", "{5A3EB4A3-FC1D-4328-B50E-F9230FF86914}"
EndProject
Project("{9A19103F-16F7-4668-BE54-9A1E7A4F7556}") = "Monitoramento.Serilog", "src\Monitoramento.Serilog\Monitoramento.Serilog.csproj", "{AF17CE42-AAB9-4A14-A2AA-63BBF2D89367}"
EndProject
Project("{FAE04EC0-301F-11D3-BF4B-00C04F79EFBC}") = "Teste", "src\Teste\Teste.csproj", "{BC5AFBE4-306A-4FED-BAC9-D29D2D8D7D81}"
EndProject
Global
	GlobalSection(SolutionConfigurationPlatforms) = preSolution
		Debug|Any CPU = Debug|Any CPU
		Release|Any CPU = Release|Any CPU
	EndGlobalSection
	GlobalSection(ProjectConfigurationPlatforms) = postSolution
		{9F6DD6DE-554A-48F0-897D-0C8A13076074}.Debug|Any CPU.ActiveCfg = Debug|Any CPU
		{9F6DD6DE-554A-48F0-897D-0C8A13076074}.Debug|Any CPU.Build.0 = Debug|Any CPU
		{9F6DD6DE-554A-48F0-897D-0C8A13076074}.Release|Any CPU.ActiveCfg = Release|Any CPU
		{9F6DD6DE-554A-48F0-897D-0C8A13076074}.Release|Any CPU.Build.0 = Release|Any CPU
		{6FA69E34-AE20-437C-99D2-338E69073A75}.Debug|Any CPU.ActiveCfg = Debug|Any CPU
		{6FA69E34-AE20-437C-99D2-338E69073A75}.Debug|Any CPU.Build.0 = Debug|Any CPU
		{6FA69E34-AE20-437C-99D2-338E69073A75}.Release|Any CPU.ActiveCfg = Release|Any CPU
		{6FA69E34-AE20-437C-99D2-338E69073A75}.Release|Any CPU.Build.0 = Release|Any CPU
		{5A3EB4A3-FC1D-4328-B50E-F9230FF86914}.Debug|Any CPU.ActiveCfg = Debug|Any CPU
		{5A3EB4A3-FC1D-4328-B50E-F9230FF86914}.Debug|Any CPU.Build.0 = Debug|Any CPU
		{5A3EB4A3-FC1D-4328-B50E-F9230FF86914}.Release|Any CPU.ActiveCfg = Release|Any CPU
		{5A3EB4A3-FC1D-4328-B50E-F9230FF86914}.Release|Any CPU.Build.0 = Release|Any CPU
		{AF17CE42-AAB9-4A14-A2AA-63BBF2D89367}.Debug|Any CPU.ActiveCfg = Debug|Any CPU
		{AF17CE42-AAB9-4A14-A2AA-63BBF2D89367}.Debug|Any CPU.Build.0 = Debug|Any CPU
		{AF17CE42-AAB9-4A14-A2AA-63BBF2D89367}.Release|Any CPU.ActiveCfg = Release|Any CPU
		{AF17CE42-AAB9-4A14-A2AA-63BBF2D89367}.Release|Any CPU.Build.0 = Release|Any CPU
		{BC5AFBE4-306A-4FED-BAC9-D29D2D8D7D81}.Debug|Any CPU.ActiveCfg = Debug|Any CPU
		{BC5AFBE4-306A-4FED-BAC9-D29D2D8D7D81}.Debug|Any CPU.Build.0 = Debug|Any CPU
		{BC5AFBE4-306A-4FED-BAC9-D29D2D8D7D81}.Release|Any CPU.ActiveCfg = Release|Any CPU
		{BC5AFBE4-306A-4FED-BAC9-D29D2D8D7D81}.Release|Any CPU.Build.0 = Release|Any CPU
	EndGlobalSection
	GlobalSection(SolutionProperties) = preSolution
		HideSolutionNode = FALSE
	EndGlobalSection
	GlobalSection(ExtensibilityGlobals) = postSolution
		SolutionGuid = {8D2524F7-1C4D-468A-B7FE-ACB1A05A6C2A}
	EndGlobalSection
EndGlobal
